
Microsoft Visual Studio Solution File, Format Version 12.00
# Visual Studio Version 16
VisualStudioVersion = 16.0.30804.86
MinimumVisualStudioVersion = 10.0.40219.1
Project("{FAE04EC0-301F-11D3-BF4B-00C04F79EFBC}") = "sdf", "sdf.csproj", "{548A40A2-FE68-414D-9EFC-0B94E7700131}"
EndProject
Global
	GlobalSection(SolutionConfigurationPlatforms) = preSolution
		Debug|Any CPU = Debug|Any CPU
		Release|Any CPU = Release|Any CPU
	EndGlobalSection
	GlobalSection(ProjectConfigurationPlatforms) = postSolution
		{548A40A2-FE68-414D-9EFC-0B94E7700131}.Debug|Any CPU.ActiveCfg = Debug|Any CPU
		{548A40A2-FE68-414D-9EFC-0B94E7700131}.Debug|Any CPU.Build.0 = Debug|Any CPU
		{548A40A2-FE68-414D-9EFC-0B94E7700131}.Release|Any CPU.ActiveCfg = Release|Any CPU
		{548A40A2-FE68-414D-9EFC-0B94E7700131}.Release|Any CPU.Build.0 = Release|Any CPU
	EndGlobalSection
	GlobalSection(SolutionProperties) = preSolution
		HideSolutionNode = FALSE
	EndGlobalSection
	GlobalSection(ExtensibilityGlobals) = postSolution
		SolutionGuid = {AE43C5C1-8C0D-471E-AD12-FC994155B329}
	EndGlobalSection
EndGlobal
